
Microsoft Visual Studio Solution File, Format Version 12.00
# Visual Studio Version 17
VisualStudioVersion = 17.5.33627.172
MinimumVisualStudioVersion = 10.0.40219.1
Project("{9A19103F-16F7-4668-BE54-9A1E7A4F7556}") = "message-extension", "message-extension\message-extension.csproj", "{852E954E-0105-42AF-9DCF-4005FD62E322}"
EndProject
Global
	GlobalSection(SolutionConfigurationPlatforms) = preSolution
		Debug|Any CPU = Debug|Any CPU
		Release|Any CPU = Release|Any CPU
	EndGlobalSection
	GlobalSection(ProjectConfigurationPlatforms) = postSolution
		{852E954E-0105-42AF-9DCF-4005FD62E322}.Debug|Any CPU.ActiveCfg = Debug|Any CPU
		{852E954E-0105-42AF-9DCF-4005FD62E322}.Debug|Any CPU.Build.0 = Debug|Any CPU
		{852E954E-0105-42AF-9DCF-4005FD62E322}.Debug|Any CPU.Deploy.0 = Debug|Any CPU
		{852E954E-0105-42AF-9DCF-4005FD62E322}.Release|Any CPU.ActiveCfg = Release|Any CPU
		{852E954E-0105-42AF-9DCF-4005FD62E322}.Release|Any CPU.Build.0 = Release|Any CPU
		{852E954E-0105-42AF-9DCF-4005FD62E322}.Release|Any CPU.Deploy.0 = Release|Any CPU
	EndGlobalSection
	GlobalSection(SolutionProperties) = preSolution
		HideSolutionNode = FALSE
	EndGlobalSection
	GlobalSection(ExtensibilityGlobals) = postSolution
		SolutionGuid = {36B2603C-7E11-4BCD-A159-98C3A1130292}
	EndGlobalSection
EndGlobal
