
Microsoft Visual Studio Solution File, Format Version 12.00
# Visual Studio Version 17
VisualStudioVersion = 17.5.33627.172
MinimumVisualStudioVersion = 10.0.40219.1
Project("{9A19103F-16F7-4668-BE54-9A1E7A4F7556}") = "tab-sso", "tab-sso\tab-sso.csproj", "{8E1873C1-2D07-46E8-85CA-76D9D874D0D5}"
EndProject
Global
	GlobalSection(SolutionConfigurationPlatforms) = preSolution
		Debug|Any CPU = Debug|Any CPU
		Release|Any CPU = Release|Any CPU
	EndGlobalSection
	GlobalSection(ProjectConfigurationPlatforms) = postSolution
		{8E1873C1-2D07-46E8-85CA-76D9D874D0D5}.Debug|Any CPU.ActiveCfg = Debug|Any CPU
		{8E1873C1-2D07-46E8-85CA-76D9D874D0D5}.Debug|Any CPU.Build.0 = Debug|Any CPU
		{8E1873C1-2D07-46E8-85CA-76D9D874D0D5}.Debug|Any CPU.Deploy.0 = Debug|Any CPU
		{8E1873C1-2D07-46E8-85CA-76D9D874D0D5}.Release|Any CPU.ActiveCfg = Release|Any CPU
		{8E1873C1-2D07-46E8-85CA-76D9D874D0D5}.Release|Any CPU.Build.0 = Release|Any CPU
		{8E1873C1-2D07-46E8-85CA-76D9D874D0D5}.Release|Any CPU.Deploy.0 = Release|Any CPU
	EndGlobalSection
	GlobalSection(SolutionProperties) = preSolution
		HideSolutionNode = FALSE
	EndGlobalSection
	GlobalSection(ExtensibilityGlobals) = postSolution
		SolutionGuid = {57EF05A6-5EA0-40D6-8E4D-DBD6D6201C76}
	EndGlobalSection
EndGlobal
